
Microsoft Visual Studio Solution File, Format Version 12.00
# Visual Studio 2013
VisualStudioVersion = 12.0.31101.0
MinimumVisualStudioVersion = 10.0.40219.1
Project("{FAE04EC0-301F-11D3-BF4B-00C04F79EFBC}") = "NextPlayer", "NextPlayer\NextPlayer.csproj", "{EB71472D-93FE-43AD-A88B-1C0EF1F07CB1}"
EndProject
Project("{FAE04EC0-301F-11D3-BF4B-00C04F79EFBC}") = "NextPlayerBackgroundAudioPlayer", "NextPlayerBackgroundAudioPlayer\NextPlayerBackgroundAudioPlayer.csproj", "{D19A8FBE-67B7-4C75-8721-0ECFCBE05668}"
EndProject
Project("{FAE04EC0-301F-11D3-BF4B-00C04F79EFBC}") = "NextPlayerDataLayer", "NextPlayerDataLayer\NextPlayerDataLayer.csproj", "{15B5B664-CAC4-4C77-A72C-8819C68701EE}"
EndProject
Global
	GlobalSection(SolutionConfigurationPlatforms) = preSolution
		Debug|Any CPU = Debug|Any CPU
		Debug|ARM = Debug|ARM
		Debug|x86 = Debug|x86
		Release|Any CPU = Release|Any CPU
		Release|ARM = Release|ARM
		Release|x86 = Release|x86
	EndGlobalSection
	GlobalSection(ProjectConfigurationPlatforms) = postSolution
		{EB71472D-93FE-43AD-A88B-1C0EF1F07CB1}.Debug|Any CPU.ActiveCfg = Debug|Any CPU
		{EB71472D-93FE-43AD-A88B-1C0EF1F07CB1}.Debug|Any CPU.Build.0 = Debug|Any CPU
		{EB71472D-93FE-43AD-A88B-1C0EF1F07CB1}.Debug|Any CPU.Deploy.0 = Debug|Any CPU
		{EB71472D-93FE-43AD-A88B-1C0EF1F07CB1}.Debug|ARM.ActiveCfg = Debug|ARM
		{EB71472D-93FE-43AD-A88B-1C0EF1F07CB1}.Debug|ARM.Build.0 = Debug|ARM
		{EB71472D-93FE-43AD-A88B-1C0EF1F07CB1}.Debug|ARM.Deploy.0 = Debug|ARM
		{EB71472D-93FE-43AD-A88B-1C0EF1F07CB1}.Debug|x86.ActiveCfg = Debug|x86
		{EB71472D-93FE-43AD-A88B-1C0EF1F07CB1}.Debug|x86.Build.0 = Debug|x86
		{EB71472D-93FE-43AD-A88B-1C0EF1F07CB1}.Debug|x86.Deploy.0 = Debug|x86
		{EB71472D-93FE-43AD-A88B-1C0EF1F07CB1}.Release|Any CPU.ActiveCfg = Release|Any CPU
		{EB71472D-93FE-43AD-A88B-1C0EF1F07CB1}.Release|Any CPU.Build.0 = Release|Any CPU
		{EB71472D-93FE-43AD-A88B-1C0EF1F07CB1}.Release|Any CPU.Deploy.0 = Release|Any CPU
		{EB71472D-93FE-43AD-A88B-1C0EF1F07CB1}.Release|ARM.ActiveCfg = Release|ARM
		{EB71472D-93FE-43AD-A88B-1C0EF1F07CB1}.Release|ARM.Build.0 = Release|ARM
		{EB71472D-93FE-43AD-A88B-1C0EF1F07CB1}.Release|ARM.Deploy.0 = Release|ARM
		{EB71472D-93FE-43AD-A88B-1C0EF1F07CB1}.Release|x86.ActiveCfg = Release|x86
		{EB71472D-93FE-43AD-A88B-1C0EF1F07CB1}.Release|x86.Build.0 = Release|x86
		{EB71472D-93FE-43AD-A88B-1C0EF1F07CB1}.Release|x86.Deploy.0 = Release|x86
		{D19A8FBE-67B7-4C75-8721-0ECFCBE05668}.Debug|Any CPU.ActiveCfg = Debug|Any CPU
		{D19A8FBE-67B7-4C75-8721-0ECFCBE05668}.Debug|Any CPU.Build.0 = Debug|Any CPU
		{D19A8FBE-67B7-4C75-8721-0ECFCBE05668}.Debug|ARM.ActiveCfg = Debug|ARM
		{D19A8FBE-67B7-4C75-8721-0ECFCBE05668}.Debug|ARM.Build.0 = Debug|ARM
		{D19A8FBE-67B7-4C75-8721-0ECFCBE05668}.Debug|x86.ActiveCfg = Debug|x86
		{D19A8FBE-67B7-4C75-8721-0ECFCBE05668}.Debug|x86.Build.0 = Debug|x86
		{D19A8FBE-67B7-4C75-8721-0ECFCBE05668}.Release|Any CPU.ActiveCfg = Release|Any CPU
		{D19A8FBE-67B7-4C75-8721-0ECFCBE05668}.Release|Any CPU.Build.0 = Release|Any CPU
		{D19A8FBE-67B7-4C75-8721-0ECFCBE05668}.Release|ARM.ActiveCfg = Release|ARM
		{D19A8FBE-67B7-4C75-8721-0ECFCBE05668}.Release|ARM.Build.0 = Release|ARM
		{D19A8FBE-67B7-4C75-8721-0ECFCBE05668}.Release|x86.ActiveCfg = Release|x86
		{D19A8FBE-67B7-4C75-8721-0ECFCBE05668}.Release|x86.Build.0 = Release|x86
		{15B5B664-CAC4-4C77-A72C-8819C68701EE}.Debug|Any CPU.ActiveCfg = Debug|Any CPU
		{15B5B664-CAC4-4C77-A72C-8819C68701EE}.Debug|Any CPU.Build.0 = Debug|Any CPU
		{15B5B664-CAC4-4C77-A72C-8819C68701EE}.Debug|ARM.ActiveCfg = Debug|ARM
		{15B5B664-CAC4-4C77-A72C-8819C68701EE}.Debug|ARM.Build.0 = Debug|ARM
		{15B5B664-CAC4-4C77-A72C-8819C68701EE}.Debug|x86.ActiveCfg = Debug|x86
		{15B5B664-CAC4-4C77-A72C-8819C68701EE}.Debug|x86.Build.0 = Debug|x86
		{15B5B664-CAC4-4C77-A72C-8819C68701EE}.Release|Any CPU.ActiveCfg = Release|Any CPU
		{15B5B664-CAC4-4C77-A72C-8819C68701EE}.Release|Any CPU.Build.0 = Release|Any CPU
		{15B5B664-CAC4-4C77-A72C-8819C68701EE}.Release|ARM.ActiveCfg = Release|ARM
		{15B5B664-CAC4-4C77-A72C-8819C68701EE}.Release|ARM.Build.0 = Release|ARM
		{15B5B664-CAC4-4C77-A72C-8819C68701EE}.Release|x86.ActiveCfg = Release|x86
		{15B5B664-CAC4-4C77-A72C-8819C68701EE}.Release|x86.Build.0 = Release|x86
	EndGlobalSection
	GlobalSection(SolutionProperties) = preSolution
		HideSolutionNode = FALSE
	EndGlobalSection
EndGlobal
